
Microsoft Visual Studio Solution File, Format Version 12.00
# Visual Studio Version 17
VisualStudioVersion = 17.0.31903.59
MinimumVisualStudioVersion = 10.0.40219.1
Project("{FAE04EC0-301F-11D3-BF4B-00C04F79EFBC}") = "HelloWorld", "hello-world\HelloWorld.csproj", "{457BE71A-59ED-4AAB-ADA7-7B2C3427F21D}"
EndProject
Project("{FAE04EC0-301F-11D3-BF4B-00C04F79EFBC}") = "BirdWatcher", "bird-watcher\BirdWatcher.csproj", "{CF02AE14-62DD-4540-B154-F98B397E7359}"
EndProject
Project("{FAE04EC0-301F-11D3-BF4B-00C04F79EFBC}") = "LuciansLusciousLasagna", "lucians-luscious-lasagna\LuciansLusciousLasagna.csproj", "{8E8B6473-494F-4BD2-81EC-86946DF0DCEF}"
EndProject
Project("{FAE04EC0-301F-11D3-BF4B-00C04F79EFBC}") = "AnnalynsInfiltration", "annalyns-infiltration\AnnalynsInfiltration.csproj", "{E3668D30-1D1A-493C-A381-866129981EDD}"
EndProject
Global
	GlobalSection(SolutionConfigurationPlatforms) = preSolution
		Debug|Any CPU = Debug|Any CPU
		Debug|x64 = Debug|x64
		Debug|x86 = Debug|x86
		Release|Any CPU = Release|Any CPU
		Release|x64 = Release|x64
		Release|x86 = Release|x86
	EndGlobalSection
	GlobalSection(ProjectConfigurationPlatforms) = postSolution
		{457BE71A-59ED-4AAB-ADA7-7B2C3427F21D}.Debug|Any CPU.ActiveCfg = Debug|Any CPU
		{457BE71A-59ED-4AAB-ADA7-7B2C3427F21D}.Debug|Any CPU.Build.0 = Debug|Any CPU
		{457BE71A-59ED-4AAB-ADA7-7B2C3427F21D}.Debug|x64.ActiveCfg = Debug|Any CPU
		{457BE71A-59ED-4AAB-ADA7-7B2C3427F21D}.Debug|x64.Build.0 = Debug|Any CPU
		{457BE71A-59ED-4AAB-ADA7-7B2C3427F21D}.Debug|x86.ActiveCfg = Debug|Any CPU
		{457BE71A-59ED-4AAB-ADA7-7B2C3427F21D}.Debug|x86.Build.0 = Debug|Any CPU
		{457BE71A-59ED-4AAB-ADA7-7B2C3427F21D}.Release|Any CPU.ActiveCfg = Release|Any CPU
		{457BE71A-59ED-4AAB-ADA7-7B2C3427F21D}.Release|Any CPU.Build.0 = Release|Any CPU
		{457BE71A-59ED-4AAB-ADA7-7B2C3427F21D}.Release|x64.ActiveCfg = Release|Any CPU
		{457BE71A-59ED-4AAB-ADA7-7B2C3427F21D}.Release|x64.Build.0 = Release|Any CPU
		{457BE71A-59ED-4AAB-ADA7-7B2C3427F21D}.Release|x86.ActiveCfg = Release|Any CPU
		{457BE71A-59ED-4AAB-ADA7-7B2C3427F21D}.Release|x86.Build.0 = Release|Any CPU
		{CF02AE14-62DD-4540-B154-F98B397E7359}.Debug|Any CPU.ActiveCfg = Debug|Any CPU
		{CF02AE14-62DD-4540-B154-F98B397E7359}.Debug|Any CPU.Build.0 = Debug|Any CPU
		{CF02AE14-62DD-4540-B154-F98B397E7359}.Debug|x64.ActiveCfg = Debug|Any CPU
		{CF02AE14-62DD-4540-B154-F98B397E7359}.Debug|x64.Build.0 = Debug|Any CPU
		{CF02AE14-62DD-4540-B154-F98B397E7359}.Debug|x86.ActiveCfg = Debug|Any CPU
		{CF02AE14-62DD-4540-B154-F98B397E7359}.Debug|x86.Build.0 = Debug|Any CPU
		{CF02AE14-62DD-4540-B154-F98B397E7359}.Release|Any CPU.ActiveCfg = Release|Any CPU
		{CF02AE14-62DD-4540-B154-F98B397E7359}.Release|Any CPU.Build.0 = Release|Any CPU
		{CF02AE14-62DD-4540-B154-F98B397E7359}.Release|x64.ActiveCfg = Release|Any CPU
		{CF02AE14-62DD-4540-B154-F98B397E7359}.Release|x64.Build.0 = Release|Any CPU
		{CF02AE14-62DD-4540-B154-F98B397E7359}.Release|x86.ActiveCfg = Release|Any CPU
		{CF02AE14-62DD-4540-B154-F98B397E7359}.Release|x86.Build.0 = Release|Any CPU
		{8E8B6473-494F-4BD2-81EC-86946DF0DCEF}.Debug|Any CPU.ActiveCfg = Debug|Any CPU
		{8E8B6473-494F-4BD2-81EC-86946DF0DCEF}.Debug|Any CPU.Build.0 = Debug|Any CPU
		{8E8B6473-494F-4BD2-81EC-86946DF0DCEF}.Debug|x64.ActiveCfg = Debug|Any CPU
		{8E8B6473-494F-4BD2-81EC-86946DF0DCEF}.Debug|x64.Build.0 = Debug|Any CPU
		{8E8B6473-494F-4BD2-81EC-86946DF0DCEF}.Debug|x86.ActiveCfg = Debug|Any CPU
		{8E8B6473-494F-4BD2-81EC-86946DF0DCEF}.Debug|x86.Build.0 = Debug|Any CPU
		{8E8B6473-494F-4BD2-81EC-86946DF0DCEF}.Release|Any CPU.ActiveCfg = Release|Any CPU
		{8E8B6473-494F-4BD2-81EC-86946DF0DCEF}.Release|Any CPU.Build.0 = Release|Any CPU
		{8E8B6473-494F-4BD2-81EC-86946DF0DCEF}.Release|x64.ActiveCfg = Release|Any CPU
		{8E8B6473-494F-4BD2-81EC-86946DF0DCEF}.Release|x64.Build.0 = Release|Any CPU
		{8E8B6473-494F-4BD2-81EC-86946DF0DCEF}.Release|x86.ActiveCfg = Release|Any CPU
		{8E8B6473-494F-4BD2-81EC-86946DF0DCEF}.Release|x86.Build.0 = Release|Any CPU
		{E3668D30-1D1A-493C-A381-866129981EDD}.Debug|Any CPU.ActiveCfg = Debug|Any CPU
		{E3668D30-1D1A-493C-A381-866129981EDD}.Debug|Any CPU.Build.0 = Debug|Any CPU
		{E3668D30-1D1A-493C-A381-866129981EDD}.Debug|x64.ActiveCfg = Debug|Any CPU
		{E3668D30-1D1A-493C-A381-866129981EDD}.Debug|x64.Build.0 = Debug|Any CPU
		{E3668D30-1D1A-493C-A381-866129981EDD}.Debug|x86.ActiveCfg = Debug|Any CPU
		{E3668D30-1D1A-493C-A381-866129981EDD}.Debug|x86.Build.0 = Debug|Any CPU
		{E3668D30-1D1A-493C-A381-866129981EDD}.Release|Any CPU.ActiveCfg = Release|Any CPU
		{E3668D30-1D1A-493C-A381-866129981EDD}.Release|Any CPU.Build.0 = Release|Any CPU
		{E3668D30-1D1A-493C-A381-866129981EDD}.Release|x64.ActiveCfg = Release|Any CPU
		{E3668D30-1D1A-493C-A381-866129981EDD}.Release|x64.Build.0 = Release|Any CPU
		{E3668D30-1D1A-493C-A381-866129981EDD}.Release|x86.ActiveCfg = Release|Any CPU
		{E3668D30-1D1A-493C-A381-866129981EDD}.Release|x86.Build.0 = Release|Any CPU
	EndGlobalSection
	GlobalSection(SolutionProperties) = preSolution
		HideSolutionNode = FALSE
	EndGlobalSection
EndGlobal
